
Microsoft Visual Studio Solution File, Format Version 12.00
# Visual Studio Version 17
MinimumVisualStudioVersion = 10.0.40219.1
Project("{FAE04EC0-301F-11D3-BF4B-00C04F79EFBC}") = "ConsoleFileManager", "ConsoleFileManager\ConsoleFileManager.csproj", "{B0FB0E5B-94D1-43E3-B316-E7F6ABCE0B67}"
EndProject
Global
	GlobalSection(SolutionConfigurationPlatforms) = preSolution
		Debug|Any CPU = Debug|Any CPU
		Release|Any CPU = Release|Any CPU
	EndGlobalSection
	GlobalSection(ProjectConfigurationPlatforms) = postSolution
		{B0FB0E5B-94D1-43E3-B316-E7F6ABCE0B67}.Debug|Any CPU.ActiveCfg = Debug|Any CPU
		{B0FB0E5B-94D1-43E3-B316-E7F6ABCE0B67}.Debug|Any CPU.Build.0 = Debug|Any CPU
		{B0FB0E5B-94D1-43E3-B316-E7F6ABCE0B67}.Release|Any CPU.ActiveCfg = Release|Any CPU
		{B0FB0E5B-94D1-43E3-B316-E7F6ABCE0B67}.Release|Any CPU.Build.0 = Release|Any CPU
	EndGlobalSection
	GlobalSection(SolutionProperties) = preSolution
		HideSolutionNode = FALSE
	EndGlobalSection
	GlobalSection(ExtensibilityGlobals) = postSolution
		SolutionGuid = {D6D78F8D-E940-402C-9CFF-670DB27C6C8E}
	EndGlobalSection
EndGlobal
